Microsoft Visual Studio Solution File, Format Version 12.00
# Visual Studio Version 17
VisualStudioVersion = 17.5.2.0
MinimumVisualStudioVersion = 10.0.40219.1
Project("{FAE04EC0-301F-11D3-BF4B-00C04F79EFBC}") = "ProductStream.Web", "ProductStream.Web.csproj", "{167A4941-B3CE-B4E6-E9A7-C3718031B21E}"
EndProject
Global
	GlobalSection(SolutionConfigurationPlatforms) = preSolution
		Debug|Any CPU = Debug|Any CPU
		Release|Any CPU = Release|Any CPU
	EndGlobalSection
	GlobalSection(ProjectConfigurationPlatforms) = postSolution
		{167A4941-B3CE-B4E6-E9A7-C3718031B21E}.Debug|Any CPU.ActiveCfg = Debug|Any CPU
		{167A4941-B3CE-B4E6-E9A7-C3718031B21E}.Debug|Any CPU.Build.0 = Debug|Any CPU
		{167A4941-B3CE-B4E6-E9A7-C3718031B21E}.Release|Any CPU.ActiveCfg = Release|Any CPU
		{167A4941-B3CE-B4E6-E9A7-C3718031B21E}.Release|Any CPU.Build.0 = Release|Any CPU
	EndGlobalSection
	GlobalSection(SolutionProperties) = preSolution
		HideSolutionNode = FALSE
	EndGlobalSection
	GlobalSection(ExtensibilityGlobals) = postSolution
		SolutionGuid = {8C327045-960E-4CE8-9C07-2C1C4F2BC8DB}
	EndGlobalSection
EndGlobal
